
Microsoft Visual Studio Solution File, Format Version 12.00
# Visual Studio Version 17
VisualStudioVersion = 17.5.002.0
MinimumVisualStudioVersion = 10.0.40219.1
Project("{9A19103F-16F7-4668-BE54-9A1E7A4F7556}") = "Dominio", "Dominio\Dominio.csproj", "{3AF3B1CA-8A6D-4B99-9F6F-F613A4A4A9B1}"
EndProject
Project("{FAE04EC0-301F-11D3-BF4B-00C04F79EFBC}") = "web", "web\web.csproj", "{A40B3992-217E-4431-9049-DF3A21211F12}"
EndProject
Global
	GlobalSection(SolutionConfigurationPlatforms) = preSolution
		Debug|Any CPU = Debug|Any CPU
		Release|Any CPU = Release|Any CPU
	EndGlobalSection
	GlobalSection(ProjectConfigurationPlatforms) = postSolution
		{3AF3B1CA-8A6D-4B99-9F6F-F613A4A4A9B1}.Debug|Any CPU.ActiveCfg = Debug|Any CPU
		{3AF3B1CA-8A6D-4B99-9F6F-F613A4A4A9B1}.Debug|Any CPU.Build.0 = Debug|Any CPU
		{3AF3B1CA-8A6D-4B99-9F6F-F613A4A4A9B1}.Release|Any CPU.ActiveCfg = Release|Any CPU
		{3AF3B1CA-8A6D-4B99-9F6F-F613A4A4A9B1}.Release|Any CPU.Build.0 = Release|Any CPU
		{A40B3992-217E-4431-9049-DF3A21211F12}.Debug|Any CPU.ActiveCfg = Debug|Any CPU
		{A40B3992-217E-4431-9049-DF3A21211F12}.Debug|Any CPU.Build.0 = Debug|Any CPU
		{A40B3992-217E-4431-9049-DF3A21211F12}.Release|Any CPU.ActiveCfg = Release|Any CPU
		{A40B3992-217E-4431-9049-DF3A21211F12}.Release|Any CPU.Build.0 = Release|Any CPU
	EndGlobalSection
	GlobalSection(SolutionProperties) = preSolution
		HideSolutionNode = FALSE
	EndGlobalSection
	GlobalSection(ExtensibilityGlobals) = postSolution
		SolutionGuid = {9F6EF41F-CDFD-48DC-B003-5F010F49A090}
	EndGlobalSection
EndGlobal
